{
  "nodes": {
    "nixpkgs": {
      "locked": {
        "lastModified": 1655390681,
        "narHash": "sha256-SXGZ7jJWsySMlNEpbxi8nq3QYDbtcAl+QHwsXlWq2g0=",
        "owner": "nixos",
        "repo": "nixpkgs",
        "rev": "29769d2a1390d294469bcc6518f17931953545e1",
        "type": "github"
      },
      "original": {
        "owner": "nixos",
        "ref": "nixpkgs-unstable",
        "repo": "nixpkgs",
        "type": "github"
      }
    },
    "root": {
      "inputs": {
        "nixpkgs": "nixpkgs"
      }
    }
  },
  "root": "root",
  "version": 7
}
