{
  "nodes": {
    "nixpkgs": {
      "locked": {
        "lastModified": 1661239106,
        "narHash": "sha256-C5OCLnrv2c4CHs9DMEtYKkjJmGL7ySAZ1PqPkHBonxQ=",
        "owner": "nixos",
        "repo": "nixpkgs",
        "rev": "963d27a0767422be9b8686a8493dcade6acee992",
        "type": "github"
      },
      "original": {
        "owner": "nixos",
        "ref": "nixpkgs-unstable",
        "repo": "nixpkgs",
        "type": "github"
      }
    },
    "root": {
      "inputs": {
        "nixpkgs": "nixpkgs"
      }
    }
  },
  "root": "root",
  "version": 7
}
